lockfileVersion: '9.0'

settings:
  autoInstallPeers: true
  excludeLinksFromLockfile: false

importers:

  .:
    dependencies:
      '@tanstack/create-start':
        specifier: ^0.59.18
        version: 0.59.18(tslib@2.8.1)

packages:

  '@clack/core@0.4.2':
    resolution: {integrity: sha512-NYQfcEy8MWIxrT5Fj8nIVchfRFA26yYKJcvBS7WlUIlw2OmQOY9DhGGXMovyI5J5PpxrCPGkgUi207EBrjpBvg==}

  '@clack/prompts@0.10.1':
    resolution: {integrity: sha512-Q0T02vx8ZM9XSv9/Yde0jTmmBQufZhPJfYAg2XrrrxWWaZgq1rr8nU8Hv710BQ1dhoP8rtY7YUdpGej2Qza/cw==}

  '@jsonjoy.com/base64@1.1.2':
    resolution: {integrity: sha512-q6XAnWQDIMA3+FTiOYajoYqySkO+JSat0ytXGSuRdq9uXE7o92gzuQwQM14xaCRlBLGq3v5miDGC4vkVTn54xA==}
    engines: {node: '>=10.0'}
    peerDependencies:
      tslib: '2'

  '@jsonjoy.com/base64@17.67.0':
    resolution: {integrity: sha512-5SEsJGsm15aP8TQGkDfJvz9axgPwAEm98S5DxOuYe8e1EbfajcDmgeXXzccEjh+mLnjqEKrkBdjHWS5vFNwDdw==}
    engines: {node: '>=10.0'}
    peerDependencies:
      tslib: '2'

  '@jsonjoy.com/buffers@1.2.1':
    resolution: {integrity: sha512-12cdlDwX4RUM3QxmUbVJWqZ/mrK6dFQH4Zxq6+r1YXKXYBNgZXndx2qbCJwh3+WWkCSn67IjnlG3XYTvmvYtgA==}
    engines: {node: '>=10.0'}
    peerDependencies:
      tslib: '2'

  '@jsonjoy.com/buffers@17.67.0':
    resolution: {integrity: sha512-tfExRpYxBvi32vPs9ZHaTjSP4fHAfzSmcahOfNxtvGHcyJel+aibkPlGeBB+7AoC6hL7lXIE++8okecBxx7lcw==}
    engines: {node: '>=10.0'}
    peerDependencies:
      tslib: '2'

  '@jsonjoy.com/codegen@1.0.0':
    resolution: {integrity: sha512-E8Oy+08cmCf0EK/NMxpaJZmOxPqM+6iSe2S4nlSBrPZOORoDJILxtbSUEDKQyTamm/BVAhIGllOBNU79/dwf0g==}
    engines: {node: '>=10.0'}
    peerDependencies:
      tslib: '2'

  '@jsonjoy.com/codegen@17.67.0':
    resolution: {integrity: sha512-idnkUplROpdBOV0HMcwhsCUS5TRUi9poagdGs70A6S4ux9+/aPuKbh8+UYRTLYQHtXvAdNfQWXDqZEx5k4Dj2Q==}
    engines: {node: '>=10.0'}
    peerDependencies:
      tslib: '2'

  '@jsonjoy.com/fs-core@4.57.1':
    resolution: {integrity: sha512-YrEi/ZPmgc+GfdO0esBF04qv8boK9Dg9WpRQw/+vM8Qt3nnVIJWIa8HwZ/LXVZ0DB11XUROM8El/7yYTJX+WtA==}
    engines: {node: '>=10.0'}
    peerDependencies:
      tslib: '2'

  '@jsonjoy.com/fs-fsa@4.57.1':
    resolution: {integrity: sha512-ooEPvSW/HQDivPDPZMibHGKZf/QS4WRir1czGZmXmp3MsQqLECZEpN0JobrD8iV9BzsuwdIv+PxtWX9WpPLsIA==}
    engines: {node: '>=10.0'}
    peerDependencies:
      tslib: '2'

  '@jsonjoy.com/fs-node-builtins@4.57.1':
    resolution: {integrity: sha512-XHkFKQ5GSH3uxm8c3ZYXVrexGdscpWKIcMWKFQpMpMJc8gA3AwOMBJXJlgpdJqmrhPyQXxaY9nbkNeYpacC0Og==}
    engines: {node: '>=10.0'}
    peerDependencies:
      tslib: '2'

  '@jsonjoy.com/fs-node-to-fsa@4.57.1':
    resolution: {integrity: sha512-pqGHyWWzNck4jRfaGV39hkqpY5QjRUQ/nRbNT7FYbBa0xf4bDG+TE1Gt2KWZrSkrkZZDE3qZUjYMbjwSliX6pg==}
    engines: {node: '>=10.0'}
    peerDependencies:
      tslib: '2'

  '@jsonjoy.com/fs-node-utils@4.57.1':
    resolution: {integrity: sha512-vp+7ZzIB8v43G+GLXTS4oDUSQmhAsRz532QmmWBbdYA20s465JvwhkSFvX9cVTqRRAQg+vZ7zWDaIEh0lFe2gw==}
    engines: {node: '>=10.0'}
    peerDependencies:
      tslib: '2'

  '@jsonjoy.com/fs-node@4.57.1':
    resolution: {integrity: sha512-3YaKhP8gXEKN+2O49GLNfNb5l2gbnCFHyAaybbA2JkkbQP3dpdef7WcUaHAulg/c5Dg4VncHsA3NWAUSZMR5KQ==}
    engines: {node: '>=10.0'}
    peerDependencies:
      tslib: '2'

  '@jsonjoy.com/fs-print@4.57.1':
    resolution: {integrity: sha512-Ynct7ZJmfk6qoXDOKfpovNA36ITUx8rChLmRQtW08J73VOiuNsU8PB6d/Xs7fxJC2ohWR3a5AqyjmLojfrw5yw==}
    engines: {node: '>=10.0'}
    peerDependencies:
      tslib: '2'

  '@jsonjoy.com/fs-snapshot@4.57.1':
    resolution: {integrity: sha512-/oG8xBNFMbDXTq9J7vepSA1kerS5vpgd3p5QZSPd+nX59uwodGJftI51gDYyHRpP57P3WCQf7LHtBYPqwUg2Bg==}
    engines: {node: '>=10.0'}
    peerDependencies:
      tslib: '2'

  '@jsonjoy.com/json-pack@1.21.0':
    resolution: {integrity: sha512-+AKG+R2cfZMShzrF2uQw34v3zbeDYUqnQ+jg7ORic3BGtfw9p/+N6RJbq/kkV8JmYZaINknaEQ2m0/f693ZPpg==}
    engines: {node: '>=10.0'}
    peerDependencies:
      tslib: '2'

  '@jsonjoy.com/json-pack@17.67.0':
    resolution: {integrity: sha512-t0ejURcGaZsn1ClbJ/3kFqSOjlryd92eQY465IYrezsXmPcfHPE/av4twRSxf6WE+TkZgLY+71vCZbiIiFKA/w==}
    engines: {node: '>=10.0'}
    peerDependencies:
      tslib: '2'

  '@jsonjoy.com/json-pointer@1.0.2':
    resolution: {integrity: sha512-Fsn6wM2zlDzY1U+v4Nc8bo3bVqgfNTGcn6dMgs6FjrEnt4ZCe60o6ByKRjOGlI2gow0aE/Q41QOigdTqkyK5fg==}
    engines: {node: '>=10.0'}
    peerDependencies:
      tslib: '2'

  '@jsonjoy.com/json-pointer@17.67.0':
    resolution: {integrity: sha512-+iqOFInH+QZGmSuaybBUNdh7yvNrXvqR+h3wjXm0N/3JK1EyyFAeGJvqnmQL61d1ARLlk/wJdFKSL+LHJ1eaUA==}
    engines: {node: '>=10.0'}
    peerDependencies:
      tslib: '2'

  '@jsonjoy.com/util@1.9.0':
    resolution: {integrity: sha512-pLuQo+VPRnN8hfPqUTLTHk126wuYdXVxE6aDmjSeV4NCAgyxWbiOIeNJVtID3h1Vzpoi9m4jXezf73I6LgabgQ==}
    engines: {node: '>=10.0'}
    peerDependencies:
      tslib: '2'

  '@jsonjoy.com/util@17.67.0':
    resolution: {integrity: sha512-6+8xBaz1rLSohlGh68D1pdw3AwDi9xydm8QNlAFkvnavCJYSze+pxoW2VKP8p308jtlMRLs5NTHfPlZLd4w7ew==}
    engines: {node: '>=10.0'}
    peerDependencies:
      tslib: '2'

  '@sec-ant/readable-stream@0.4.1':
    resolution: {integrity: sha512-831qok9r2t8AlxLko40y2ebgSDhenenCatLVeW/uBtnHPyhHOvG0C7TvfgecV+wHzIm5KUICgzmVpWS+IMEAeg==}

  '@sindresorhus/merge-streams@4.0.0':
    resolution: {integrity: sha512-tlqY9xq5ukxTUZBmoOp+m61cqwQD5pHJtFY3Mn8CA8ps6yghLH/Hw8UPdqg4OLmFW3IFlcXnQNmo/dh8HzXYIQ==}
    engines: {node: '>=18'}

  '@tanstack/cli@0.62.5':
    resolution: {integrity: sha512-mFkJEBOp/ZbsQd7NhHZV+DUZvlZD/LlkK7ZH+aLV131YrMoQF/DFRwe8SUpjI9TgJGieI35DuW4P69imbwnyug==}
    hasBin: true

  '@tanstack/create-start@0.59.18':
    resolution: {integrity: sha512-lvb8rTuuoMsqCdVtPxQPnmBGpj3Gth9RQBnFeIuC24ETw46WD58fT1Q8cEiwgyImW2hR7FMcI3SaYhtakoSU0g==}
    hasBin: true

  '@tanstack/create@0.63.2':
    resolution: {integrity: sha512-DDVQhO3Cv9Wulz2h8I17JDO0YkRltg0M54Jn8g3SAwK5oiMX4FcY7xeomlS87B6p3yJJFuv4KaNTpQfNnAbYWg==}

  anymatch@3.1.3:
    resolution: {integrity: sha512-KMReFUr0B4t+D+OBkjR3KYqvocp2XaSzO55UcB6mgQMd3KbcE+mWTyvVV7D/zsdEbNnV6acZUutkiHQXvTr1Rw==}
    engines: {node: '>= 8'}

  async@3.2.6:
    resolution: {integrity: sha512-htCUDlxyyCLMgaM3xXg0C0LW2xqfuQ6p05pCEIsXuyQ+a1koYKTuBMzRNwmybfLgvJDMd0r1LTn4+E0Ti6C2AA==}

  balanced-match@1.0.2:
    resolution: {integrity: sha512-3oSeUO0TMV67hN1AmbXsK4yaqU7tjiHlbxRDZOpH0KW9+CeX4bRAaX0Anxt0tx2MrpRpWwQaPwIlISEJhYU5Pw==}

  balanced-match@4.0.4:
    resolution: {integrity: sha512-BLrgEcRTwX2o6gGxGOCNyMvGSp35YofuYzw9h1IMTRmKqttAZZVU67bdb9Pr2vUHA8+j3i2tJfjO6C6+4myGTA==}
    engines: {node: 18 || 20 || >=22}

  binary-extensions@2.3.0:
    resolution: {integrity: sha512-Ceh+7ox5qe7LJuLHoY0feh3pHuUDHAcRUeyL2VYghZwfpkNIy/+8Ocg0a3UuSoYzavmylwuLWQOf3hl0jjMMIw==}
    engines: {node: '>=8'}

  brace-expansion@2.0.3:
    resolution: {integrity: sha512-MCV/fYJEbqx68aE58kv2cA/kiky1G8vux3OR6/jbS+jIMe/6fJWa0DTzJU7dqijOWYwHi1t29FlfYI9uytqlpA==}

  brace-expansion@5.0.5:
    resolution: {integrity: sha512-VZznLgtwhn+Mact9tfiwx64fA9erHH/MCXEUfB/0bX/6Fz6ny5EGTXYltMocqg4xFAQZtnO3DHWWXi8RiuN7cQ==}
    engines: {node: 18 || 20 || >=22}

  braces@3.0.3:
    resolution: {integrity: sha512-yQbXgO/OSZVD2IsiLlro+7Hf6Q18EJrKSEsdoMzKePKXct3gvD8oLcOQdIzGupr5Fj+EDe8gO/lxc1BzfMpxvA==}
    engines: {node: '>=8'}

  chalk@5.6.2:
    resolution: {integrity: sha512-7NzBL0rN6fMUW+f7A6Io4h40qQlG+xGmtMxfbnH/K7TAtt8JQWVQK+6g0UXKMeVJoyV5EkkNsErQ8pVD3bLHbA==}
    engines: {node: ^12.17.0 || ^14.13 || >=16.0.0}

  chokidar@3.6.0:
    resolution: {integrity: sha512-7VT13fmjotKpGipCW9JEQAusEPE+Ei8nl6/g4FBAmIm0GOOLMua9NDDo/DWp0ZAxCr3cPq5ZpBqmPAQgDda2Pw==}
    engines: {node: '>= 8.10.0'}

  commander@13.1.0:
    resolution: {integrity: sha512-/rFeCpNJQbhSZjGVwO9RFV3xPqbnERS8MmIQzCtD/zl6gpJuV/bMLuN92oG3F7d8oDEHHRrujSXNUr8fpjntKw==}
    engines: {node: '>=18'}

  cross-spawn@7.0.6:
    resolution: {integrity: sha512-uV2QOWP2nWzsy2aMp8aRibhi9dlzF5Hgh5SHaB9OiTGEyDTiJJyx0uy51QXdyWbtAHNua4XJzUKca3OzKUd3vA==}
    engines: {node: '>= 8'}

  crypto-random-string@4.0.0:
    resolution: {integrity: sha512-x8dy3RnvYdlUcPOjkEHqozhiwzKNSq7GcPuXFbnyMOCHxX8V3OgIg/pYuabl2sbUPfIJaeAQB7PMOK8DFIdoRA==}
    engines: {node: '>=12'}

  diff@7.0.0:
    resolution: {integrity: sha512-PJWHUb1RFevKCwaFA9RlG5tCd+FO5iRh9A8HEtkmBH2Li03iJriB6m6JIN4rGz3K3JLawI7/veA1xzRKP6ISBw==}
    engines: {node: '>=0.3.1'}

  ejs@3.1.10:
    resolution: {integrity: sha512-UeJmFfOrAQS8OJWPZ4qtgHyWExa088/MtK5UEyoJGFH67cDEXkZSviOiKRCZ4Xij0zxI3JECgYs3oKx+AizQBA==}
    engines: {node: '>=0.10.0'}
    hasBin: true

  execa@9.6.1:
    resolution: {integrity: sha512-9Be3ZoN4LmYR90tUoVu2te2BsbzHfhJyfEiAVfz7N5/zv+jduIfLrV2xdQXOHbaD6KgpGdO9PRPM1Y4Q9QkPkA==}
    engines: {node: ^18.19.0 || >=20.5.0}

  figures@6.1.0:
    resolution: {integrity: sha512-d+l3qxjSesT4V7v2fh+QnmFnUWv9lSpjarhShNTgBOfA0ttejbQUAlHLitbjkoRiDulW0OPoQPYIGhIC8ohejg==}
    engines: {node: '>=18'}

  filelist@1.0.6:
    resolution: {integrity: sha512-5giy2PkLYY1cP39p17Ech+2xlpTRL9HLspOfEgm0L6CwBXBTgsK5ou0JtzYuepxkaQ/tvhCFIJ5uXo0OrM2DxA==}

  fill-range@7.1.1:
    resolution: {integrity: sha512-YsGpe3WHLK8ZYi4tWDg2Jy3ebRz2rXowDxnld4bkQB00cc/1Zw9AWnC0i9ztDJitivtQvaI9KaLyKrc+hBW0yg==}
    engines: {node: '>=8'}

  fsevents@2.3.3:
    resolution: {integrity: sha512-5xoDfX+fL7faATnagmWPpbFtwh/R77WmMMqqHGS65C3vvB0YHrgF+B1YmZ3441tMj5n63k0212XNoJwzlhffQw==}
    engines: {node: ^8.16.0 || ^10.6.0 || >=11.0.0}
    os: [darwin]

  get-stream@9.0.1:
    resolution: {integrity: sha512-kVCxPF3vQM/N0B1PmoqVUqgHP+EeVjmZSQn+1oCRPxd2P21P2F19lIgbR3HBosbB1PUhOAoctJnfEn2GbN2eZA==}
    engines: {node: '>=18'}

  glob-parent@5.1.2:
    resolution: {integrity: sha512-AOIgSQCepiJYwP3ARnGx+5VnTu2HBYdzbGP45eLw1vr3zB3vZLeyed1sC9hnbcOc9/SrMyM5RPQrkGz4aS9Zow==}
    engines: {node: '>= 6'}

  glob-to-regex.js@1.2.0:
    resolution: {integrity: sha512-QMwlOQKU/IzqMUOAZWubUOT8Qft+Y0KQWnX9nK3ch0CJg0tTp4TvGZsTfudYKv2NzoQSyPcnA6TYeIQ3jGichQ==}
    engines: {node: '>=10.0'}
    peerDependencies:
      tslib: '2'

  glob@13.0.6:
    resolution: {integrity: sha512-Wjlyrolmm8uDpm/ogGyXZXb1Z+Ca2B8NbJwqBVg0axK9GbBeoS7yGV6vjXnYdGm6X53iehEuxxbyiKp8QmN4Vw==}
    engines: {node: 18 || 20 || >=22}

  human-signals@8.0.1:
    resolution: {integrity: sha512-eKCa6bwnJhvxj14kZk5NCPc6Hb6BdsU9DZcOnmQKSnO1VKrfV0zCvtttPZUsBvjmNDn8rpcJfpwSYnHBjc95MQ==}
    engines: {node: '>=18.18.0'}

  hyperdyperid@1.2.0:
    resolution: {integrity: sha512-Y93lCzHYgGWdrJ66yIktxiaGULYc6oGiABxhcO5AufBeOyoIdZF7bIfLaOrbM0iGIOXQQgxxRrFEnb+Y6w1n4A==}
    engines: {node: '>=10.18'}

  ignore@7.0.5:
    resolution: {integrity: sha512-Hs59xBNfUIunMFgWAbGX5cq6893IbWg4KnrjbYwX3tx0ztorVgTDA6B2sxf8ejHJ4wz8BqGUMYlnzNBer5NvGg==}
    engines: {node: '>= 4'}

  is-binary-path@2.1.0:
    resolution: {integrity: sha512-ZMERYes6pDydyuGidse7OsHxtbI7WVeUEozgR/g7rd0xUimYNlvZRE/K2MgZTjWy725IfelLeVcEM97mmtRGXw==}
    engines: {node: '>=8'}

  is-extglob@2.1.1:
    resolution: {integrity: sha512-SbKbANkN603Vi4jEZv49LeVJMn4yGwsbzZworEoyEiutsN3nJYdbO36zfhGJ6QEDpOZIFkDtnq5JRxmvl3jsoQ==}
    engines: {node: '>=0.10.0'}

  is-glob@4.0.3:
    resolution: {integrity: sha512-xelSayHH36ZgE7ZWhli7pW34hNbNl8Ojv5KVmkJD4hBdD3th8Tfk9vYasLM+mXWOZhFkgZfxhLSnrwRr4elSSg==}
    engines: {node: '>=0.10.0'}

  is-number@7.0.0:
    resolution: {integrity: sha512-41Cifkg6e8TylSpdtTpeLVMqvSBEVzTttHvERD741+pnZ8ANv0004MRL43QKPDlK9cGvNp6NZWZUBlbGXYxxng==}
    engines: {node: '>=0.12.0'}

  is-plain-obj@4.1.0:
    resolution: {integrity: sha512-+Pgi+vMuUNkJyExiMBt5IlFoMyKnr5zhJ4Uspz58WOhBF5QoIZkFyNHIbBAtHwzVAgk5RtndVNsDRN61/mmDqg==}
    engines: {node: '>=12'}

  is-stream@3.0.0:
    resolution: {integrity: sha512-LnQR4bZ9IADDRSkvpqMGvt/tEJWclzklNgSw48V5EAaAeDd6qGvN8ei6k5p0tvxSR171VmGyHuTiAOfxAbr8kA==}
    engines: {node: ^12.20.0 || ^14.13.1 || >=16.0.0}

  is-stream@4.0.1:
    resolution: {integrity: sha512-Dnz92NInDqYckGEUJv689RbRiTSEHCQ7wOVeALbkOz999YpqT46yMRIGtSNl2iCL1waAZSx40+h59NV/EwzV/A==}
    engines: {node: '>=18'}

  is-unicode-supported@2.1.0:
    resolution: {integrity: sha512-mE00Gnza5EEB3Ds0HfMyllZzbBrmLOX3vfWoj9A9PEnTfratQ/BcaJOuMhnkhjXvb2+FkY3VuHqtAGpTPmglFQ==}
    engines: {node: '>=18'}

  isexe@2.0.0:
    resolution: {integrity: sha512-RHxMLp9lnKHGHRng9QFhRCMbYAcVpn69smSGcq3f36xjgVVWThj4qqLbTLlq7Ssj8B+fIQ1EuCEGI2lKsyQeIw==}

  jake@10.9.4:
    resolution: {integrity: sha512-wpHYzhxiVQL+IV05BLE2Xn34zW1S223hvjtqk0+gsPrwd/8JNLXJgZZM/iPFsYc1xyphF+6M6EvdE5E9MBGkDA==}
    engines: {node: '>=10'}
    hasBin: true

  lru-cache@11.2.7:
    resolution: {integrity: sha512-aY/R+aEsRelme17KGQa/1ZSIpLpNYYrhcrepKTZgE+W3WM16YMCaPwOHLHsmopZHELU0Ojin1lPVxKR0MihncA==}
    engines: {node: 20 || >=22}

  memfs@4.57.1:
    resolution: {integrity: sha512-WvzrWPwMQT+PtbX2Et64R4qXKK0fj/8pO85MrUCzymX3twwCiJCdvntW3HdhG1teLJcHDDLIKx5+c3HckWYZtQ==}
    peerDependencies:
      tslib: '2'

  minimatch@10.2.5:
    resolution: {integrity: sha512-MULkVLfKGYDFYejP07QOurDLLQpcjk7Fw+7jXS2R2czRQzR56yHRveU5NDJEOviH+hETZKSkIk5c+T23GjFUMg==}
    engines: {node: 18 || 20 || >=22}

  minimatch@5.1.9:
    resolution: {integrity: sha512-7o1wEA2RyMP7Iu7GNba9vc0RWWGACJOCZBJX2GJWip0ikV+wcOsgVuY9uE8CPiyQhkGFSlhuSkZPavN7u1c2Fw==}
    engines: {node: '>=10'}

  minipass@7.1.3:
    resolution: {integrity: sha512-tEBHqDnIoM/1rXME1zgka9g6Q2lcoCkxHLuc7ODJ5BxbP5d4c2Z5cGgtXAku59200Cx7diuHTOYfSBD8n6mm8A==}
    engines: {node: '>=16 || 14 >=14.17'}

  normalize-path@3.0.0:
    resolution: {integrity: sha512-6eZs5Ls3WtCisHWp9S2GUy8dqkpGi4BVSz3GaqiE6ezub0512ESztXUwUB6C6IKbQkY2Pnb/mD4WYojCRwcwLA==}
    engines: {node: '>=0.10.0'}

  npm-run-path@6.0.0:
    resolution: {integrity: sha512-9qny7Z9DsQU8Ou39ERsPU4OZQlSTP47ShQzuKZ6PRXpYLtIFgl/DEBYEXKlvcEa+9tHVcK8CF81Y2V72qaZhWA==}
    engines: {node: '>=18'}

  package-json-from-dist@1.0.1:
    resolution: {integrity: sha512-UEZIS3/by4OC8vL3P2dTXRETpebLI2NiI5vIrjaD/5UtrkFX/tNbwjTSRAGC/+7CAo2pIcBaRgWmcBBHcsaCIw==}

  parse-gitignore@2.0.0:
    resolution: {integrity: sha512-RmVuCHWsfu0QPNW+mraxh/xjQVw/lhUCUru8Zni3Ctq3AoMhpDTq0OVdKS6iesd6Kqb7viCV3isAL43dciOSog==}
    engines: {node: '>=14'}

  parse-ms@4.0.0:
    resolution: {integrity: sha512-TXfryirbmq34y8QBwgqCVLi+8oA3oWx2eAnSn62ITyEhEYaWRlVZ2DvMM9eZbMs/RfxPu/PK/aBLyGj4IrqMHw==}
    engines: {node: '>=18'}

  path-key@3.1.1:
    resolution: {integrity: sha512-ojmeN0qd+y0jszEtoY48r0Peq5dwMEkIlCOu6Q5f41lfkswXuKtYrhgoTpLnyIcHm24Uhqx+5Tqm2InSwLhE6Q==}
    engines: {node: '>=8'}

  path-key@4.0.0:
    resolution: {integrity: sha512-haREypq7xkM7ErfgIyA0z+Bj4AGKlMSdlQE2jvJo6huWD1EdkKYV+G/T4nq0YEF2vgTT8kqMFKo1uHn950r4SQ==}
    engines: {node: '>=12'}

  path-scurry@2.0.2:
    resolution: {integrity: sha512-3O/iVVsJAPsOnpwWIeD+d6z/7PmqApyQePUtCndjatj/9I5LylHvt5qluFaBT3I5h3r1ejfR056c+FCv+NnNXg==}
    engines: {node: 18 || 20 || >=22}

  picocolors@1.1.1:
    resolution: {integrity: sha512-xceH2snhtb5M9liqDsmEw56le376mTZkEX/jEb/RxNFyegNul7eNslCXP9FDj/Lcu0X8KEyMceP2ntpaHrDEVA==}

  picomatch@2.3.2:
    resolution: {integrity: sha512-V7+vQEJ06Z+c5tSye8S+nHUfI51xoXIXjHQ99cQtKUkQqqO1kO/KCJUfZXuB47h/YBlDhah2H3hdUGXn8ie0oA==}
    engines: {node: '>=8.6'}

  prettier@3.8.1:
    resolution: {integrity: sha512-UOnG6LftzbdaHZcKoPFtOcCKztrQ57WkHDeRD9t/PTQtmT0NHSeWWepj6pS0z/N7+08BHFDQVUrfmfMRcZwbMg==}
    engines: {node: '>=14'}
    hasBin: true

  pretty-ms@9.3.0:
    resolution: {integrity: sha512-gjVS5hOP+M3wMm5nmNOucbIrqudzs9v/57bWRHQWLYklXqoXKrVfYW2W9+glfGsqtPgpiz5WwyEEB+ksXIx3gQ==}
    engines: {node: '>=18'}

  readdirp@3.6.0:
    resolution: {integrity: sha512-hOS089on8RduqdbhvQ5Z37A0ESjsqz6qnRcffsMU3495FuTdqSm+7bhJ29JvIOsBDEEnan5DPu9t3To9VRlMzA==}
    engines: {node: '>=8.10.0'}

  rimraf@6.1.3:
    resolution: {integrity: sha512-LKg+Cr2ZF61fkcaK1UdkH2yEBBKnYjTyWzTJT6KNPcSPaiT7HSdhtMXQuN5wkTX0Xu72KQ1l8S42rlmexS2hSA==}
    engines: {node: 20 || >=22}
    hasBin: true

  semver@7.7.4:
    resolution: {integrity: sha512-vFKC2IEtQnVhpT78h1Yp8wzwrf8CM+MzKMHGJZfBtzhZNycRFnXsHk6E5TxIkkMsgNS7mdX3AGB7x2QM2di4lA==}
    engines: {node: '>=10'}
    hasBin: true

  shebang-command@2.0.0:
    resolution: {integrity: sha512-kHxr2zZpYtdmrN1qDjrrX/Z1rR1kG8Dx+gkpK1G4eXmvXswmcE1hTWBWYUzlraYw1/yZp6YuDY77YtvbN0dmDA==}
    engines: {node: '>=8'}

  shebang-regex@3.0.0:
    resolution: {integrity: sha512-7++dFhtcx3353uBaq8DDR4NuxBetBzC7ZQOhmTQInHEd6bSrXdiEyzCvG07Z44UYdLShWUyXt5M/yhz8ekcb1A==}
    engines: {node: '>=8'}

  signal-exit@4.1.0:
    resolution: {integrity: sha512-bzyZ1e88w9O1iNJbKnOlvYTrWPDl46O1bG0D3XInv+9tkPrxrN8jUUTiFlDkkmKWgn1M6CfIA13SuGqOa9Korw==}
    engines: {node: '>=14'}

  sisteransi@1.0.5:
    resolution: {integrity: sha512-bLGGlR1QxBcynn2d5YmDX4MGjlZvy2MRBDRNHLJ8VI6l6+9FUiyTFNJ0IveOSP0bcXgVDPRcfGqA0pjaqUpfVg==}

  strip-final-newline@4.0.0:
    resolution: {integrity: sha512-aulFJcD6YK8V1G7iRB5tigAP4TsHBZZrOV8pjV++zdUwmeV8uzbY7yn6h9MswN62adStNZFuCIx4haBnRuMDaw==}
    engines: {node: '>=18'}

  temp-dir@3.0.0:
    resolution: {integrity: sha512-nHc6S/bwIilKHNRgK/3jlhDoIHcp45YgyiwcAk46Tr0LfEqGBVpmiAyuiuxeVE44m3mXnEeVhaipLOEWmH+Njw==}
    engines: {node: '>=14.16'}

  tempy@3.2.0:
    resolution: {integrity: sha512-d79HhZya5Djd7am0q+W4RTsSU+D/aJzM+4Y4AGJGuGlgM2L6sx5ZvOYTmZjqPhrDrV6xJTtRSm1JCLj6V6LHLQ==}
    engines: {node: '>=14.16'}

  thingies@2.6.0:
    resolution: {integrity: sha512-rMHRjmlFLM1R96UYPvpmnc3LYtdFrT33JIB7L9hetGue1qAPfn1N2LJeEjxUSidu1Iku+haLZXDuEXUHNGO/lg==}
    engines: {node: '>=10.18'}
    peerDependencies:
      tslib: ^2

  to-regex-range@5.0.1:
    resolution: {integrity: sha512-65P7iz6X5yEr1cwcgvQxbbIw7Uk3gOy5dIdtZ4rDveLqhrdJP+Li/Hx6tyK0NEb+2GCyneCMJiGqrADCSNk8sQ==}
    engines: {node: '>=8.0'}

  tree-dump@1.1.0:
    resolution: {integrity: sha512-rMuvhU4MCDbcbnleZTFezWsaZXRFemSqAM+7jPnzUl1fo9w3YEKOxAeui0fz3OI4EU4hf23iyA7uQRVko+UaBA==}
    engines: {node: '>=10.0'}
    peerDependencies:
      tslib: '2'

  tslib@2.8.1:
    resolution: {integrity: sha512-oJFu94HQb+KVduSUQL7wnpmqnfmLsOA/nAh6b6EH0wCEoK0/mPeXU6c3wKDV83MkOuHPRHtSXKKU99IBazS/2w==}

  type-fest@1.4.0:
    resolution: {integrity: sha512-yGSza74xk0UG8k+pLh5oeoYirvIiWo5t0/o3zHHAO2tRDiZcxWP7fywNlXhqb6/r6sWvwi+RsyQMWhVLe4BVuA==}
    engines: {node: '>=10'}

  type-fest@2.19.0:
    resolution: {integrity: sha512-RAH822pAdBgcNMAfWnCBU3CFZcfZ/i1eZjwFU/dsLKumyuuP3niueg2UAukXYF0E2AAoc82ZSSf9J0WQBinzHA==}
    engines: {node: '>=12.20'}

  unicorn-magic@0.3.0:
    resolution: {integrity: sha512-+QBBXBCvifc56fsbuxZQ6Sic3wqqc3WWaqxs58gvJrcOuN83HGTCwz3oS5phzU9LthRNE9VrJCFCLUgHeeFnfA==}
    engines: {node: '>=18'}

  unique-string@3.0.0:
    resolution: {integrity: sha512-VGXBUVwxKMBUznyffQweQABPRRW1vHZAbadFZud4pLFAqRGvv/96vafgjWFqzourzr8YonlQiPgH0YCJfawoGQ==}
    engines: {node: '>=12'}

  validate-npm-package-name@7.0.2:
    resolution: {integrity: sha512-hVDIBwsRruT73PbK7uP5ebUt+ezEtCmzZz3F59BSr2F6OVFnJ/6h8liuvdLrQ88Xmnk6/+xGGuq+pG9WwTuy3A==}
    engines: {node: ^20.17.0 || >=22.9.0}

  which@2.0.2:
    resolution: {integrity: sha512-BLI3Tl1TW3Pvl70l3yq3Y64i+awpwXqsGBYWkkqMtnbXgrMD+yj7rhW0kuEDxzJaYXGjEW5ogapKNMEKNMjibA==}
    engines: {node: '>= 8'}
    hasBin: true

  yoctocolors@2.1.2:
    resolution: {integrity: sha512-CzhO+pFNo8ajLM2d2IW/R93ipy99LWjtwblvC1RsoSUMZgyLbYFr221TnSNT7GjGdYui6P459mw9JH/g/zW2ug==}
    engines: {node: '>=18'}

  zod@3.25.76:
    resolution: {integrity: sha512-gzUt/qt81nXsFGKIFcC3YnfEAx5NkunCfnDlvuBSSFS02bcXu4Lmea0AFIUwbLWxWPx3d9p8S5QoaujKcNQxcQ==}

snapshots:

  '@clack/core@0.4.2':
    dependencies:
      picocolors: 1.1.1
      sisteransi: 1.0.5

  '@clack/prompts@0.10.1':
    dependencies:
      '@clack/core': 0.4.2
      picocolors: 1.1.1
      sisteransi: 1.0.5

  '@jsonjoy.com/base64@1.1.2(tslib@2.8.1)':
    dependencies:
      tslib: 2.8.1

  '@jsonjoy.com/base64@17.67.0(tslib@2.8.1)':
    dependencies:
      tslib: 2.8.1

  '@jsonjoy.com/buffers@1.2.1(tslib@2.8.1)':
    dependencies:
      tslib: 2.8.1

  '@jsonjoy.com/buffers@17.67.0(tslib@2.8.1)':
    dependencies:
      tslib: 2.8.1

  '@jsonjoy.com/codegen@1.0.0(tslib@2.8.1)':
    dependencies:
      tslib: 2.8.1

  '@jsonjoy.com/codegen@17.67.0(tslib@2.8.1)':
    dependencies:
      tslib: 2.8.1

  '@jsonjoy.com/fs-core@4.57.1(tslib@2.8.1)':
    dependencies:
      '@jsonjoy.com/fs-node-builtins': 4.57.1(tslib@2.8.1)
      '@jsonjoy.com/fs-node-utils': 4.57.1(tslib@2.8.1)
      thingies: 2.6.0(tslib@2.8.1)
      tslib: 2.8.1

  '@jsonjoy.com/fs-fsa@4.57.1(tslib@2.8.1)':
    dependencies:
      '@jsonjoy.com/fs-core': 4.57.1(tslib@2.8.1)
      '@jsonjoy.com/fs-node-builtins': 4.57.1(tslib@2.8.1)
      '@jsonjoy.com/fs-node-utils': 4.57.1(tslib@2.8.1)
      thingies: 2.6.0(tslib@2.8.1)
      tslib: 2.8.1

  '@jsonjoy.com/fs-node-builtins@4.57.1(tslib@2.8.1)':
    dependencies:
      tslib: 2.8.1

  '@jsonjoy.com/fs-node-to-fsa@4.57.1(tslib@2.8.1)':
    dependencies:
      '@jsonjoy.com/fs-fsa': 4.57.1(tslib@2.8.1)
      '@jsonjoy.com/fs-node-builtins': 4.57.1(tslib@2.8.1)
      '@jsonjoy.com/fs-node-utils': 4.57.1(tslib@2.8.1)
      tslib: 2.8.1

  '@jsonjoy.com/fs-node-utils@4.57.1(tslib@2.8.1)':
    dependencies:
      '@jsonjoy.com/fs-node-builtins': 4.57.1(tslib@2.8.1)
      tslib: 2.8.1

  '@jsonjoy.com/fs-node@4.57.1(tslib@2.8.1)':
    dependencies:
      '@jsonjoy.com/fs-core': 4.57.1(tslib@2.8.1)
      '@jsonjoy.com/fs-node-builtins': 4.57.1(tslib@2.8.1)
      '@jsonjoy.com/fs-node-utils': 4.57.1(tslib@2.8.1)
      '@jsonjoy.com/fs-print': 4.57.1(tslib@2.8.1)
      '@jsonjoy.com/fs-snapshot': 4.57.1(tslib@2.8.1)
      glob-to-regex.js: 1.2.0(tslib@2.8.1)
      thingies: 2.6.0(tslib@2.8.1)
      tslib: 2.8.1

  '@jsonjoy.com/fs-print@4.57.1(tslib@2.8.1)':
    dependencies:
      '@jsonjoy.com/fs-node-utils': 4.57.1(tslib@2.8.1)
      tree-dump: 1.1.0(tslib@2.8.1)
      tslib: 2.8.1

  '@jsonjoy.com/fs-snapshot@4.57.1(tslib@2.8.1)':
    dependencies:
      '@jsonjoy.com/buffers': 17.67.0(tslib@2.8.1)
      '@jsonjoy.com/fs-node-utils': 4.57.1(tslib@2.8.1)
      '@jsonjoy.com/json-pack': 17.67.0(tslib@2.8.1)
      '@jsonjoy.com/util': 17.67.0(tslib@2.8.1)
      tslib: 2.8.1

  '@jsonjoy.com/json-pack@1.21.0(tslib@2.8.1)':
    dependencies:
      '@jsonjoy.com/base64': 1.1.2(tslib@2.8.1)
      '@jsonjoy.com/buffers': 1.2.1(tslib@2.8.1)
      '@jsonjoy.com/codegen': 1.0.0(tslib@2.8.1)
      '@jsonjoy.com/json-pointer': 1.0.2(tslib@2.8.1)
      '@jsonjoy.com/util': 1.9.0(tslib@2.8.1)
      hyperdyperid: 1.2.0
      thingies: 2.6.0(tslib@2.8.1)
      tree-dump: 1.1.0(tslib@2.8.1)
      tslib: 2.8.1

  '@jsonjoy.com/json-pack@17.67.0(tslib@2.8.1)':
    dependencies:
      '@jsonjoy.com/base64': 17.67.0(tslib@2.8.1)
      '@jsonjoy.com/buffers': 17.67.0(tslib@2.8.1)
      '@jsonjoy.com/codegen': 17.67.0(tslib@2.8.1)
      '@jsonjoy.com/json-pointer': 17.67.0(tslib@2.8.1)
      '@jsonjoy.com/util': 17.67.0(tslib@2.8.1)
      hyperdyperid: 1.2.0
      thingies: 2.6.0(tslib@2.8.1)
      tree-dump: 1.1.0(tslib@2.8.1)
      tslib: 2.8.1

  '@jsonjoy.com/json-pointer@1.0.2(tslib@2.8.1)':
    dependencies:
      '@jsonjoy.com/codegen': 1.0.0(tslib@2.8.1)
      '@jsonjoy.com/util': 1.9.0(tslib@2.8.1)
      tslib: 2.8.1

  '@jsonjoy.com/json-pointer@17.67.0(tslib@2.8.1)':
    dependencies:
      '@jsonjoy.com/util': 17.67.0(tslib@2.8.1)
      tslib: 2.8.1

  '@jsonjoy.com/util@1.9.0(tslib@2.8.1)':
    dependencies:
      '@jsonjoy.com/buffers': 1.2.1(tslib@2.8.1)
      '@jsonjoy.com/codegen': 1.0.0(tslib@2.8.1)
      tslib: 2.8.1

  '@jsonjoy.com/util@17.67.0(tslib@2.8.1)':
    dependencies:
      '@jsonjoy.com/buffers': 17.67.0(tslib@2.8.1)
      '@jsonjoy.com/codegen': 17.67.0(tslib@2.8.1)
      tslib: 2.8.1

  '@sec-ant/readable-stream@0.4.1': {}

  '@sindresorhus/merge-streams@4.0.0': {}

  '@tanstack/cli@0.62.5(tslib@2.8.1)':
    dependencies:
      '@clack/prompts': 0.10.1
      '@tanstack/create': 0.63.2(tslib@2.8.1)
      chalk: 5.6.2
      chokidar: 3.6.0
      commander: 13.1.0
      diff: 7.0.0
      semver: 7.7.4
      tempy: 3.2.0
      validate-npm-package-name: 7.0.2
      zod: 3.25.76
    transitivePeerDependencies:
      - tslib

  '@tanstack/create-start@0.59.18(tslib@2.8.1)':
    dependencies:
      '@tanstack/cli': 0.62.5(tslib@2.8.1)
      '@tanstack/create': 0.63.2(tslib@2.8.1)
    transitivePeerDependencies:
      - tslib

  '@tanstack/create@0.63.2(tslib@2.8.1)':
    dependencies:
      ejs: 3.1.10
      execa: 9.6.1
      ignore: 7.0.5
      memfs: 4.57.1(tslib@2.8.1)
      parse-gitignore: 2.0.0
      prettier: 3.8.1
      rimraf: 6.1.3
      zod: 3.25.76
    transitivePeerDependencies:
      - tslib

  anymatch@3.1.3:
    dependencies:
      normalize-path: 3.0.0
      picomatch: 2.3.2

  async@3.2.6: {}

  balanced-match@1.0.2: {}

  balanced-match@4.0.4: {}

  binary-extensions@2.3.0: {}

  brace-expansion@2.0.3:
    dependencies:
      balanced-match: 1.0.2

  brace-expansion@5.0.5:
    dependencies:
      balanced-match: 4.0.4

  braces@3.0.3:
    dependencies:
      fill-range: 7.1.1

  chalk@5.6.2: {}

  chokidar@3.6.0:
    dependencies:
      anymatch: 3.1.3
      braces: 3.0.3
      glob-parent: 5.1.2
      is-binary-path: 2.1.0
      is-glob: 4.0.3
      normalize-path: 3.0.0
      readdirp: 3.6.0
    optionalDependencies:
      fsevents: 2.3.3

  commander@13.1.0: {}

  cross-spawn@7.0.6:
    dependencies:
      path-key: 3.1.1
      shebang-command: 2.0.0
      which: 2.0.2

  crypto-random-string@4.0.0:
    dependencies:
      type-fest: 1.4.0

  diff@7.0.0: {}

  ejs@3.1.10:
    dependencies:
      jake: 10.9.4

  execa@9.6.1:
    dependencies:
      '@sindresorhus/merge-streams': 4.0.0
      cross-spawn: 7.0.6
      figures: 6.1.0
      get-stream: 9.0.1
      human-signals: 8.0.1
      is-plain-obj: 4.1.0
      is-stream: 4.0.1
      npm-run-path: 6.0.0
      pretty-ms: 9.3.0
      signal-exit: 4.1.0
      strip-final-newline: 4.0.0
      yoctocolors: 2.1.2

  figures@6.1.0:
    dependencies:
      is-unicode-supported: 2.1.0

  filelist@1.0.6:
    dependencies:
      minimatch: 5.1.9

  fill-range@7.1.1:
    dependencies:
      to-regex-range: 5.0.1

  fsevents@2.3.3:
    optional: true

  get-stream@9.0.1:
    dependencies:
      '@sec-ant/readable-stream': 0.4.1
      is-stream: 4.0.1

  glob-parent@5.1.2:
    dependencies:
      is-glob: 4.0.3

  glob-to-regex.js@1.2.0(tslib@2.8.1):
    dependencies:
      tslib: 2.8.1

  glob@13.0.6:
    dependencies:
      minimatch: 10.2.5
      minipass: 7.1.3
      path-scurry: 2.0.2

  human-signals@8.0.1: {}

  hyperdyperid@1.2.0: {}

  ignore@7.0.5: {}

  is-binary-path@2.1.0:
    dependencies:
      binary-extensions: 2.3.0

  is-extglob@2.1.1: {}

  is-glob@4.0.3:
    dependencies:
      is-extglob: 2.1.1

  is-number@7.0.0: {}

  is-plain-obj@4.1.0: {}

  is-stream@3.0.0: {}

  is-stream@4.0.1: {}

  is-unicode-supported@2.1.0: {}

  isexe@2.0.0: {}

  jake@10.9.4:
    dependencies:
      async: 3.2.6
      filelist: 1.0.6
      picocolors: 1.1.1

  lru-cache@11.2.7: {}

  memfs@4.57.1(tslib@2.8.1):
    dependencies:
      '@jsonjoy.com/fs-core': 4.57.1(tslib@2.8.1)
      '@jsonjoy.com/fs-fsa': 4.57.1(tslib@2.8.1)
      '@jsonjoy.com/fs-node': 4.57.1(tslib@2.8.1)
      '@jsonjoy.com/fs-node-builtins': 4.57.1(tslib@2.8.1)
      '@jsonjoy.com/fs-node-to-fsa': 4.57.1(tslib@2.8.1)
      '@jsonjoy.com/fs-node-utils': 4.57.1(tslib@2.8.1)
      '@jsonjoy.com/fs-print': 4.57.1(tslib@2.8.1)
      '@jsonjoy.com/fs-snapshot': 4.57.1(tslib@2.8.1)
      '@jsonjoy.com/json-pack': 1.21.0(tslib@2.8.1)
      '@jsonjoy.com/util': 1.9.0(tslib@2.8.1)
      glob-to-regex.js: 1.2.0(tslib@2.8.1)
      thingies: 2.6.0(tslib@2.8.1)
      tree-dump: 1.1.0(tslib@2.8.1)
      tslib: 2.8.1

  minimatch@10.2.5:
    dependencies:
      brace-expansion: 5.0.5

  minimatch@5.1.9:
    dependencies:
      brace-expansion: 2.0.3

  minipass@7.1.3: {}

  normalize-path@3.0.0: {}

  npm-run-path@6.0.0:
    dependencies:
      path-key: 4.0.0
      unicorn-magic: 0.3.0

  package-json-from-dist@1.0.1: {}

  parse-gitignore@2.0.0: {}

  parse-ms@4.0.0: {}

  path-key@3.1.1: {}

  path-key@4.0.0: {}

  path-scurry@2.0.2:
    dependencies:
      lru-cache: 11.2.7
      minipass: 7.1.3

  picocolors@1.1.1: {}

  picomatch@2.3.2: {}

  prettier@3.8.1: {}

  pretty-ms@9.3.0:
    dependencies:
      parse-ms: 4.0.0

  readdirp@3.6.0:
    dependencies:
      picomatch: 2.3.2

  rimraf@6.1.3:
    dependencies:
      glob: 13.0.6
      package-json-from-dist: 1.0.1

  semver@7.7.4: {}

  shebang-command@2.0.0:
    dependencies:
      shebang-regex: 3.0.0

  shebang-regex@3.0.0: {}

  signal-exit@4.1.0: {}

  sisteransi@1.0.5: {}

  strip-final-newline@4.0.0: {}

  temp-dir@3.0.0: {}

  tempy@3.2.0:
    dependencies:
      is-stream: 3.0.0
      temp-dir: 3.0.0
      type-fest: 2.19.0
      unique-string: 3.0.0

  thingies@2.6.0(tslib@2.8.1):
    dependencies:
      tslib: 2.8.1

  to-regex-range@5.0.1:
    dependencies:
      is-number: 7.0.0

  tree-dump@1.1.0(tslib@2.8.1):
    dependencies:
      tslib: 2.8.1

  tslib@2.8.1: {}

  type-fest@1.4.0: {}

  type-fest@2.19.0: {}

  unicorn-magic@0.3.0: {}

  unique-string@3.0.0:
    dependencies:
      crypto-random-string: 4.0.0

  validate-npm-package-name@7.0.2: {}

  which@2.0.2:
    dependencies:
      isexe: 2.0.0

  yoctocolors@2.1.2: {}

  zod@3.25.76: {}
